
Microsoft Visual Studio Solution File, Format Version 12.00
# Visual Studio Version 17
VisualStudioVersion = 17.5.33516.290
MinimumVisualStudioVersion = 10.0.40219.1
Project("{8BC9CEB8-8B4A-11D0-8D11-00A0C91BC942}") = "tcp-server", "tcp-server\tcp-server.vcxproj", "{00CD2D0D-7568-480F-802B-B78F7661385F}"
EndProject
Project("{8BC9CEB8-8B4A-11D0-8D11-00A0C91BC942}") = "tcp-client", "tcp-client\tcp-client.vcxproj", "{F03C36FE-0047-4869-A832-B71B0F4E0ACC}"
EndProject
Global
	GlobalSection(SolutionConfigurationPlatforms) = preSolution
		Debug|x64 = Debug|x64
		Debug|x86 = Debug|x86
		Release|x64 = Release|x64
		Release|x86 = Release|x86
	EndGlobalSection
	GlobalSection(ProjectConfigurationPlatforms) = postSolution
		{00CD2D0D-7568-480F-802B-B78F7661385F}.Debug|x64.ActiveCfg = Debug|x64
		{00CD2D0D-7568-480F-802B-B78F7661385F}.Debug|x64.Build.0 = Debug|x64
		{00CD2D0D-7568-480F-802B-B78F7661385F}.Debug|x86.ActiveCfg = Debug|Win32
		{00CD2D0D-7568-480F-802B-B78F7661385F}.Debug|x86.Build.0 = Debug|Win32
		{00CD2D0D-7568-480F-802B-B78F7661385F}.Release|x64.ActiveCfg = Release|x64
		{00CD2D0D-7568-480F-802B-B78F7661385F}.Release|x64.Build.0 = Release|x64
		{00CD2D0D-7568-480F-802B-B78F7661385F}.Release|x86.ActiveCfg = Release|Win32
		{00CD2D0D-7568-480F-802B-B78F7661385F}.Release|x86.Build.0 = Release|Win32
		{F03C36FE-0047-4869-A832-B71B0F4E0ACC}.Debug|x64.ActiveCfg = Debug|x64
		{F03C36FE-0047-4869-A832-B71B0F4E0ACC}.Debug|x64.Build.0 = Debug|x64
		{F03C36FE-0047-4869-A832-B71B0F4E0ACC}.Debug|x86.ActiveCfg = Debug|Win32
		{F03C36FE-0047-4869-A832-B71B0F4E0ACC}.Debug|x86.Build.0 = Debug|Win32
		{F03C36FE-0047-4869-A832-B71B0F4E0ACC}.Release|x64.ActiveCfg = Release|x64
		{F03C36FE-0047-4869-A832-B71B0F4E0ACC}.Release|x64.Build.0 = Release|x64
		{F03C36FE-0047-4869-A832-B71B0F4E0ACC}.Release|x86.ActiveCfg = Release|Win32
		{F03C36FE-0047-4869-A832-B71B0F4E0ACC}.Release|x86.Build.0 = Release|Win32
	EndGlobalSection
	GlobalSection(SolutionProperties) = preSolution
		HideSolutionNode = FALSE
	EndGlobalSection
	GlobalSection(ExtensibilityGlobals) = postSolution
		SolutionGuid = {496DC6E5-FCBE-4807-8DB2-79D22859619D}
	EndGlobalSection
EndGlobal
